
Microsoft Visual Studio Solution File, Format Version 12.00
# Visual Studio Version 16
VisualStudioVersion = 16.0.31019.35
MinimumVisualStudioVersion = 10.0.40219.1
Project("{FAE04EC0-301F-11D3-BF4B-00C04F79EFBC}") = "healthV", "healthV\healthV.csproj", "{1F9917A4-EAD1-4002-BADF-D6111BEDB8A5}"
EndProject
Global
	GlobalSection(SolutionConfigurationPlatforms) = preSolution
		Debug|Any CPU = Debug|Any CPU
		Release|Any CPU = Release|Any CPU
	EndGlobalSection
	GlobalSection(ProjectConfigurationPlatforms) = postSolution
		{1F9917A4-EAD1-4002-BADF-D6111BEDB8A5}.Debug|Any CPU.ActiveCfg = Debug|Any CPU
		{1F9917A4-EAD1-4002-BADF-D6111BEDB8A5}.Debug|Any CPU.Build.0 = Debug|Any CPU
		{1F9917A4-EAD1-4002-BADF-D6111BEDB8A5}.Release|Any CPU.ActiveCfg = Release|Any CPU
		{1F9917A4-EAD1-4002-BADF-D6111BEDB8A5}.Release|Any CPU.Build.0 = Release|Any CPU
	EndGlobalSection
	GlobalSection(SolutionProperties) = preSolution
		HideSolutionNode = FALSE
	EndGlobalSection
	GlobalSection(ExtensibilityGlobals) = postSolution
		SolutionGuid = {D03352B5-5276-416A-BF31-0756C064E863}
	EndGlobalSection
EndGlobal
